
Microsoft Visual Studio Solution File, Format Version 12.00
# Visual Studio Version 17
VisualStudioVersion = 17.11.35327.3
MinimumVisualStudioVersion = 10.0.40219.1
Project("{FAE04EC0-301F-11D3-BF4B-00C04F79EFBC}") = "ExpenseTrackerApi", "ExpenseTrackerApi.csproj", "{AABAE9C8-369A-4103-9108-65D5947DD8E6}"
EndProject
Global
	GlobalSection(SolutionConfigurationPlatforms) = preSolution
		Debug|Any CPU = Debug|Any CPU
		Release|Any CPU = Release|Any CPU
	EndGlobalSection
	GlobalSection(ProjectConfigurationPlatforms) = postSolution
		{AABAE9C8-369A-4103-9108-65D5947DD8E6}.Debug|Any CPU.ActiveCfg = Debug|Any CPU
		{AABAE9C8-369A-4103-9108-65D5947DD8E6}.Debug|Any CPU.Build.0 = Debug|Any CPU
		{AABAE9C8-369A-4103-9108-65D5947DD8E6}.Release|Any CPU.ActiveCfg = Release|Any CPU
		{AABAE9C8-369A-4103-9108-65D5947DD8E6}.Release|Any CPU.Build.0 = Release|Any CPU
	EndGlobalSection
	GlobalSection(SolutionProperties) = preSolution
		HideSolutionNode = FALSE
	EndGlobalSection
	GlobalSection(ExtensibilityGlobals) = postSolution
		SolutionGuid = {043E9140-7469-4550-B477-2AC5583F12A9}
	EndGlobalSection
EndGlobal
